
Microsoft Visual Studio Solution File, Format Version 10.00
# Visual Studio 2008
Project("{FAE04EC0-301F-11D3-BF4B-00C04F79EFBC}") = "SecureBin_Login_Credential_Creator", "SecureBin_Login_Credential_Creator\SecureBin_Login_Credential_Creator.csproj", "{1FD9B672-533C-472C-8F5F-8FBFB0C51157}"
EndProject
Project("{FAE04EC0-301F-11D3-BF4B-00C04F79EFBC}") = "Crypter", "Crypter\Crypter.csproj", "{399DA3C3-49F6-433F-919A-EF10DADE4E04}"
EndProject
Global
	GlobalSection(SolutionConfigurationPlatforms) = preSolution
		Debug|Any CPU = Debug|Any CPU
		Release|Any CPU = Release|Any CPU
	EndGlobalSection
	GlobalSection(ProjectConfigurationPlatforms) = postSolution
		{1FD9B672-533C-472C-8F5F-8FBFB0C51157}.Debug|Any CPU.ActiveCfg = Debug|Any CPU
		{1FD9B672-533C-472C-8F5F-8FBFB0C51157}.Debug|Any CPU.Build.0 = Debug|Any CPU
		{1FD9B672-533C-472C-8F5F-8FBFB0C51157}.Release|Any CPU.ActiveCfg = Release|Any CPU
		{1FD9B672-533C-472C-8F5F-8FBFB0C51157}.Release|Any CPU.Build.0 = Release|Any CPU
		{399DA3C3-49F6-433F-919A-EF10DADE4E04}.Debug|Any CPU.ActiveCfg = Debug|Any CPU
		{399DA3C3-49F6-433F-919A-EF10DADE4E04}.Debug|Any CPU.Build.0 = Debug|Any CPU
		{399DA3C3-49F6-433F-919A-EF10DADE4E04}.Release|Any CPU.ActiveCfg = Release|Any CPU
		{399DA3C3-49F6-433F-919A-EF10DADE4E04}.Release|Any CPU.Build.0 = Release|Any CPU
	EndGlobalSection
	GlobalSection(SolutionProperties) = preSolution
		HideSolutionNode = FALSE
	EndGlobalSection
EndGlobal
